{
  "name": "common",
  "lockfileVersion": 3,
  "requires": true,
  "packages": {
    "": {
      "dependencies": {
        "@hathora/cloud-sdk-typescript": "^2.2.8"
      },
      "devDependencies": {
        "typescript": "^4.8.3"
      }
    },
    "../../hathora-cloud-sdks/typescript": {
      "name": "@hathora/hathora-cloud-sdk",
      "version": "0.0.1",
      "extraneous": true,
      "devDependencies": {
        "typescript": "^4.9.5"
      }
    },
    "node_modules/@hathora/cloud-sdk-typescript": {
      "version": "2.2.8",
      "resolved": "https://registry.npmjs.org/@hathora/cloud-sdk-typescript/-/cloud-sdk-typescript-2.2.8.tgz",
      "integrity": "sha512-RyCwTAQ2t6nWiiajKJKbp4IrAulXEXeRQVaaRDA2V/iVt+Vilg7iLGQNqrEBgoUcZIY07VR5Ew/RNYjpiHdiUA==",
      "peerDependencies": {
        "zod": ">= 3"
      }
    },
    "node_modules/typescript": {
      "version": "4.9.5",
      "resolved": "https://registry.npmjs.org/typescript/-/typescript-4.9.5.tgz",
      "integrity": "sha512-1FXk9E2Hm+QzZQ7z+McJiHL4NW1F2EzMu9Nq9i3zAaGqibafqYwCVU6WyWAuyQRRzOlxou8xZSyXLEN8oKj24g==",
      "dev": true,
      "bin": {
        "tsc": "bin/tsc",
        "tsserver": "bin/tsserver"
      },
      "engines": {
        "node": ">=4.2.0"
      }
    },
    "node_modules/zod": {
      "version": "3.23.8",
      "resolved": "https://registry.npmjs.org/zod/-/zod-3.23.8.tgz",
      "integrity": "sha512-XBx9AXhXktjUqnepgTiE5flcKIYWi/rme0Eaj+5Y0lftuGBq+jyRu/md4WnuxqgP1ubdpNCsYEYPxrzVHD8d6g==",
      "peer": true,
      "funding": {
        "url": "https://github.com/sponsors/colinhacks"
      }
    }
  }
}
